# THIS IS AN AUTOGENERATED FILE. DO NOT EDIT THIS FILE DIRECTLY.
# yarn lockfile v1


create-expo-app@^3.5.3:
  version "3.5.3"
  resolved "https://registry.yarnpkg.com/create-expo-app/-/create-expo-app-3.5.3.tgz#38b9f04b2ad50a81e706e4b766a60113a6075f69"
  integrity sha512-TomsYYh4I4nAer8zOqLHnUgt/ql5NOlGzTZIPzc0EIhFniTQzYJRpaIkPpEBJWNtiVxIs86s8D677CMtKBr24g==
